
Microsoft Visual Studio Solution File, Format Version 12.00
# Visual Studio Version 17
VisualStudioVersion = 17.9.34728.123
MinimumVisualStudioVersion = 10.0.40219.1
Project("{8BC9CEB8-8B4A-11D0-8D11-00A0C91BC942}") = "StudyGamePrograming06", "StudyGamePrograming06\StudyGamePrograming06.vcxproj", "{F91BF365-EA4D-4638-9E3D-75C05009E354}"
EndProject
Project("{778DAE3C-4631-46EA-AA77-85C1314464D9}") = "StudyGamePrograming06_VB", "StudyGamePrograming06_VB\StudyGamePrograming06_VB.vbproj", "{36C97FB9-DBDF-4CFE-9528-B33A1D6795C4}"
EndProject
Project("{8BC9CEB8-8B4A-11D0-8D11-00A0C91BC942}") = "StudyGameProgrming06_maze", "StudyGameProgrming06_maze\StudyGameProgrming06_maze.vcxproj", "{7B7C238B-0C4F-4A8C-913B-EB4792039FAF}"
EndProject
Project("{F184B08F-C81C-45F6-A57F-5ABD9991F28F}") = "StudyGamePrograming06_VB_maze", "StudyGamePrograming06_VB_maze\StudyGamePrograming06_VB_maze.vbproj", "{1AEA5635-108A-401A-8109-9702314ACF9E}"
EndProject
Global
	GlobalSection(SolutionConfigurationPlatforms) = preSolution
		Debug|Any CPU = Debug|Any CPU
		Debug|x64 = Debug|x64
		Debug|x86 = Debug|x86
		Release|Any CPU = Release|Any CPU
		Release|x64 = Release|x64
		Release|x86 = Release|x86
	EndGlobalSection
	GlobalSection(ProjectConfigurationPlatforms) = postSolution
		{F91BF365-EA4D-4638-9E3D-75C05009E354}.Debug|Any CPU.ActiveCfg = Debug|x64
		{F91BF365-EA4D-4638-9E3D-75C05009E354}.Debug|Any CPU.Build.0 = Debug|x64
		{F91BF365-EA4D-4638-9E3D-75C05009E354}.Debug|x64.ActiveCfg = Debug|x64
		{F91BF365-EA4D-4638-9E3D-75C05009E354}.Debug|x64.Build.0 = Debug|x64
		{F91BF365-EA4D-4638-9E3D-75C05009E354}.Debug|x86.ActiveCfg = Debug|Win32
		{F91BF365-EA4D-4638-9E3D-75C05009E354}.Debug|x86.Build.0 = Debug|Win32
		{F91BF365-EA4D-4638-9E3D-75C05009E354}.Release|Any CPU.ActiveCfg = Release|x64
		{F91BF365-EA4D-4638-9E3D-75C05009E354}.Release|Any CPU.Build.0 = Release|x64
		{F91BF365-EA4D-4638-9E3D-75C05009E354}.Release|x64.ActiveCfg = Release|x64
		{F91BF365-EA4D-4638-9E3D-75C05009E354}.Release|x64.Build.0 = Release|x64
		{F91BF365-EA4D-4638-9E3D-75C05009E354}.Release|x86.ActiveCfg = Release|Win32
		{F91BF365-EA4D-4638-9E3D-75C05009E354}.Release|x86.Build.0 = Release|Win32
		{36C97FB9-DBDF-4CFE-9528-B33A1D6795C4}.Debug|Any CPU.ActiveCfg = Debug|Any CPU
		{36C97FB9-DBDF-4CFE-9528-B33A1D6795C4}.Debug|Any CPU.Build.0 = Debug|Any CPU
		{36C97FB9-DBDF-4CFE-9528-B33A1D6795C4}.Debug|x64.ActiveCfg = Debug|Any CPU
		{36C97FB9-DBDF-4CFE-9528-B33A1D6795C4}.Debug|x64.Build.0 = Debug|Any CPU
		{36C97FB9-DBDF-4CFE-9528-B33A1D6795C4}.Debug|x86.ActiveCfg = Debug|Any CPU
		{36C97FB9-DBDF-4CFE-9528-B33A1D6795C4}.Debug|x86.Build.0 = Debug|Any CPU
		{36C97FB9-DBDF-4CFE-9528-B33A1D6795C4}.Release|Any CPU.ActiveCfg = Release|Any CPU
		{36C97FB9-DBDF-4CFE-9528-B33A1D6795C4}.Release|Any CPU.Build.0 = Release|Any CPU
		{36C97FB9-DBDF-4CFE-9528-B33A1D6795C4}.Release|x64.ActiveCfg = Release|Any CPU
		{36C97FB9-DBDF-4CFE-9528-B33A1D6795C4}.Release|x64.Build.0 = Release|Any CPU
		{36C97FB9-DBDF-4CFE-9528-B33A1D6795C4}.Release|x86.ActiveCfg = Release|Any CPU
		{36C97FB9-DBDF-4CFE-9528-B33A1D6795C4}.Release|x86.Build.0 = Release|Any CPU
		{7B7C238B-0C4F-4A8C-913B-EB4792039FAF}.Debug|Any CPU.ActiveCfg = Debug|x64
		{7B7C238B-0C4F-4A8C-913B-EB4792039FAF}.Debug|Any CPU.Build.0 = Debug|x64
		{7B7C238B-0C4F-4A8C-913B-EB4792039FAF}.Debug|x64.ActiveCfg = Debug|x64
		{7B7C238B-0C4F-4A8C-913B-EB4792039FAF}.Debug|x64.Build.0 = Debug|x64
		{7B7C238B-0C4F-4A8C-913B-EB4792039FAF}.Debug|x86.ActiveCfg = Debug|Win32
		{7B7C238B-0C4F-4A8C-913B-EB4792039FAF}.Debug|x86.Build.0 = Debug|Win32
		{7B7C238B-0C4F-4A8C-913B-EB4792039FAF}.Release|Any CPU.ActiveCfg = Release|x64
		{7B7C238B-0C4F-4A8C-913B-EB4792039FAF}.Release|Any CPU.Build.0 = Release|x64
		{7B7C238B-0C4F-4A8C-913B-EB4792039FAF}.Release|x64.ActiveCfg = Release|x64
		{7B7C238B-0C4F-4A8C-913B-EB4792039FAF}.Release|x64.Build.0 = Release|x64
		{7B7C238B-0C4F-4A8C-913B-EB4792039FAF}.Release|x86.ActiveCfg = Release|Win32
		{7B7C238B-0C4F-4A8C-913B-EB4792039FAF}.Release|x86.Build.0 = Release|Win32
		{1AEA5635-108A-401A-8109-9702314ACF9E}.Debug|Any CPU.ActiveCfg = Debug|Any CPU
		{1AEA5635-108A-401A-8109-9702314ACF9E}.Debug|Any CPU.Build.0 = Debug|Any CPU
		{1AEA5635-108A-401A-8109-9702314ACF9E}.Debug|x64.ActiveCfg = Debug|Any CPU
		{1AEA5635-108A-401A-8109-9702314ACF9E}.Debug|x64.Build.0 = Debug|Any CPU
		{1AEA5635-108A-401A-8109-9702314ACF9E}.Debug|x86.ActiveCfg = Debug|Any CPU
		{1AEA5635-108A-401A-8109-9702314ACF9E}.Debug|x86.Build.0 = Debug|Any CPU
		{1AEA5635-108A-401A-8109-9702314ACF9E}.Release|Any CPU.ActiveCfg = Release|Any CPU
		{1AEA5635-108A-401A-8109-9702314ACF9E}.Release|Any CPU.Build.0 = Release|Any CPU
		{1AEA5635-108A-401A-8109-9702314ACF9E}.Release|x64.ActiveCfg = Release|Any CPU
		{1AEA5635-108A-401A-8109-9702314ACF9E}.Release|x64.Build.0 = Release|Any CPU
		{1AEA5635-108A-401A-8109-9702314ACF9E}.Release|x86.ActiveCfg = Release|Any CPU
		{1AEA5635-108A-401A-8109-9702314ACF9E}.Release|x86.Build.0 = Release|Any CPU
	EndGlobalSection
	GlobalSection(SolutionProperties) = preSolution
		HideSolutionNode = FALSE
	EndGlobalSection
	GlobalSection(ExtensibilityGlobals) = postSolution
		SolutionGuid = {760B6C0E-358D-4314-9AB6-E3F4DEE53697}
	EndGlobalSection
EndGlobal
